
Microsoft Visual Studio Solution File, Format Version 12.00
# Visual Studio Version 17
VisualStudioVersion = 17.14.36511.14
MinimumVisualStudioVersion = 10.0.40219.1
Project("{FAE04EC0-301F-11D3-BF4B-00C04F79EFBC}") = "System.Eclaim.API", "System.Eclaim.API\System.Eclaim.API.csproj", "{BA1DB500-02FC-4E10-9B97-9509AA3127B2}"
EndProject
Project("{2150E333-8FDC-42A3-9474-1A3956D46DE8}") = "Resources", "Resources", "{02EA681E-C7D8-13C7-8484-4AC65E1B71E8}"
	ProjectSection(SolutionItems) = preProject
		docker-compose.yml = docker-compose.yml
	EndProjectSection
EndProject
Project("{2150E333-8FDC-42A3-9474-1A3956D46DE8}") = "src", "src", "{60D6A158-FC0F-4771-88C7-DA195E777C9F}"
EndProject
Project("{2150E333-8FDC-42A3-9474-1A3956D46DE8}") = "01.Api", "01.Api", "{4FB37658-0DB1-4324-B46B-15FA7CBA943B}"
EndProject
Project("{2150E333-8FDC-42A3-9474-1A3956D46DE8}") = "02.Core", "02.Core", "{6DAD5DFC-4615-4F97-A406-EC816D252824}"
EndProject
Project("{2150E333-8FDC-42A3-9474-1A3956D46DE8}") = "03.Persistence", "03.Persistence", "{54E1A687-96DC-4FE5-AF9B-28A04B746E3B}"
EndProject
Project("{2150E333-8FDC-42A3-9474-1A3956D46DE8}") = "04.Shared", "04.Shared", "{F47099F2-1215-40DB-BA69-FEA82A4C0CDD}"
EndProject
Project("{2150E333-8FDC-42A3-9474-1A3956D46DE8}") = "05.Client", "05.Client", "{D886316C-3590-438E-8EEC-42C8734CCC11}"
EndProject
Project("{FAE04EC0-301F-11D3-BF4B-00C04F79EFBC}") = "System.Eclaim.Application", "System.Eclaim.Application\System.Eclaim.Application.csproj", "{91F31384-2B6F-448C-8DF9-AF3174FE7383}"
EndProject
Project("{FAE04EC0-301F-11D3-BF4B-00C04F79EFBC}") = "System.Eclaim.Domain", "System.Eclaim.Domain\System.Eclaim.Domain.csproj", "{D374B8B5-3396-40DD-B820-9207CCA1487D}"
EndProject
Project("{FAE04EC0-301F-11D3-BF4B-00C04F79EFBC}") = "System.Eclaim.Infraestructure", "System.Eclaim.Infraestructure\System.Eclaim.Infraestructure.csproj", "{0C7281EB-E443-4602-BBDC-F8A2112A1B88}"
EndProject
Project("{FAE04EC0-301F-11D3-BF4B-00C04F79EFBC}") = "System.Eclaim.Shared", "System.Eclaim.Shared\System.Eclaim.Shared.csproj", "{95D0B5F2-DB82-4772-84DF-A472516740FA}"
EndProject
Project("{FAE04EC0-301F-11D3-BF4B-00C04F79EFBC}") = "System.Eclaim.UI", "System.Eclaim.UI\System.Eclaim.UI.csproj", "{33E7E93C-2596-46DE-A3DA-FCC00465127D}"
EndProject
Global
	GlobalSection(SolutionConfigurationPlatforms) = preSolution
		Debug|Any CPU = Debug|Any CPU
		Release|Any CPU = Release|Any CPU
	EndGlobalSection
	GlobalSection(ProjectConfigurationPlatforms) = postSolution
		{BA1DB500-02FC-4E10-9B97-9509AA3127B2}.Debug|Any CPU.ActiveCfg = Debug|Any CPU
		{BA1DB500-02FC-4E10-9B97-9509AA3127B2}.Debug|Any CPU.Build.0 = Debug|Any CPU
		{BA1DB500-02FC-4E10-9B97-9509AA3127B2}.Release|Any CPU.ActiveCfg = Release|Any CPU
		{BA1DB500-02FC-4E10-9B97-9509AA3127B2}.Release|Any CPU.Build.0 = Release|Any CPU
		{91F31384-2B6F-448C-8DF9-AF3174FE7383}.Debug|Any CPU.ActiveCfg = Debug|Any CPU
		{91F31384-2B6F-448C-8DF9-AF3174FE7383}.Debug|Any CPU.Build.0 = Debug|Any CPU
		{91F31384-2B6F-448C-8DF9-AF3174FE7383}.Release|Any CPU.ActiveCfg = Release|Any CPU
		{91F31384-2B6F-448C-8DF9-AF3174FE7383}.Release|Any CPU.Build.0 = Release|Any CPU
		{D374B8B5-3396-40DD-B820-9207CCA1487D}.Debug|Any CPU.ActiveCfg = Debug|Any CPU
		{D374B8B5-3396-40DD-B820-9207CCA1487D}.Debug|Any CPU.Build.0 = Debug|Any CPU
		{D374B8B5-3396-40DD-B820-9207CCA1487D}.Release|Any CPU.ActiveCfg = Release|Any CPU
		{D374B8B5-3396-40DD-B820-9207CCA1487D}.Release|Any CPU.Build.0 = Release|Any CPU
		{0C7281EB-E443-4602-BBDC-F8A2112A1B88}.Debug|Any CPU.ActiveCfg = Debug|Any CPU
		{0C7281EB-E443-4602-BBDC-F8A2112A1B88}.Debug|Any CPU.Build.0 = Debug|Any CPU
		{0C7281EB-E443-4602-BBDC-F8A2112A1B88}.Release|Any CPU.ActiveCfg = Release|Any CPU
		{0C7281EB-E443-4602-BBDC-F8A2112A1B88}.Release|Any CPU.Build.0 = Release|Any CPU
		{95D0B5F2-DB82-4772-84DF-A472516740FA}.Debug|Any CPU.ActiveCfg = Debug|Any CPU
		{95D0B5F2-DB82-4772-84DF-A472516740FA}.Debug|Any CPU.Build.0 = Debug|Any CPU
		{95D0B5F2-DB82-4772-84DF-A472516740FA}.Release|Any CPU.ActiveCfg = Release|Any CPU
		{95D0B5F2-DB82-4772-84DF-A472516740FA}.Release|Any CPU.Build.0 = Release|Any CPU
		{33E7E93C-2596-46DE-A3DA-FCC00465127D}.Debug|Any CPU.ActiveCfg = Debug|Any CPU
		{33E7E93C-2596-46DE-A3DA-FCC00465127D}.Debug|Any CPU.Build.0 = Debug|Any CPU
		{33E7E93C-2596-46DE-A3DA-FCC00465127D}.Release|Any CPU.ActiveCfg = Release|Any CPU
		{33E7E93C-2596-46DE-A3DA-FCC00465127D}.Release|Any CPU.Build.0 = Release|Any CPU
	EndGlobalSection
	GlobalSection(SolutionProperties) = preSolution
		HideSolutionNode = FALSE
	EndGlobalSection
	GlobalSection(NestedProjects) = preSolution
		{BA1DB500-02FC-4E10-9B97-9509AA3127B2} = {4FB37658-0DB1-4324-B46B-15FA7CBA943B}
		{4FB37658-0DB1-4324-B46B-15FA7CBA943B} = {60D6A158-FC0F-4771-88C7-DA195E777C9F}
		{6DAD5DFC-4615-4F97-A406-EC816D252824} = {60D6A158-FC0F-4771-88C7-DA195E777C9F}
		{54E1A687-96DC-4FE5-AF9B-28A04B746E3B} = {60D6A158-FC0F-4771-88C7-DA195E777C9F}
		{F47099F2-1215-40DB-BA69-FEA82A4C0CDD} = {60D6A158-FC0F-4771-88C7-DA195E777C9F}
		{D886316C-3590-438E-8EEC-42C8734CCC11} = {60D6A158-FC0F-4771-88C7-DA195E777C9F}
		{91F31384-2B6F-448C-8DF9-AF3174FE7383} = {6DAD5DFC-4615-4F97-A406-EC816D252824}
		{D374B8B5-3396-40DD-B820-9207CCA1487D} = {6DAD5DFC-4615-4F97-A406-EC816D252824}
		{0C7281EB-E443-4602-BBDC-F8A2112A1B88} = {54E1A687-96DC-4FE5-AF9B-28A04B746E3B}
		{95D0B5F2-DB82-4772-84DF-A472516740FA} = {F47099F2-1215-40DB-BA69-FEA82A4C0CDD}
		{33E7E93C-2596-46DE-A3DA-FCC00465127D} = {D886316C-3590-438E-8EEC-42C8734CCC11}
	EndGlobalSection
	GlobalSection(ExtensibilityGlobals) = postSolution
		SolutionGuid = {FE61FAF4-2979-4999-BC89-AEE3DB444729}
	EndGlobalSection
EndGlobal
